
Microsoft Visual Studio Solution File, Format Version 12.00
# Visual Studio Version 16
VisualStudioVersion = 16.0.29503.13
MinimumVisualStudioVersion = 10.0.40219.1
Project("{9A19103F-16F7-4668-BE54-9A1E7A4F7556}") = "ZZA.Models", "ZZA.Models\ZZA.Models.csproj", "{C80E4105-D9B9-4D46-ABF5-927E979550A3}"
EndProject
Project("{00D1A9C2-B5F0-4AF3-8072-F6C62B433612}") = "ZZA.DB", "ZZA.DB\ZZA.DB.sqlproj", "{487E4AD8-E70C-4C4C-A374-C21FCF9F5C93}"
EndProject
Project("{FAE04EC0-301F-11D3-BF4B-00C04F79EFBC}") = "ZZA.Dashboard", "ZZA.Dashboard\ZZA.Dashboard.csproj", "{0559CF53-14E9-42F2-984C-461AE6CFD4D9}"
EndProject
Global
	GlobalSection(SolutionConfigurationPlatforms) = preSolution
		Debug|Any CPU = Debug|Any CPU
		Release|Any CPU = Release|Any CPU
	EndGlobalSection
	GlobalSection(ProjectConfigurationPlatforms) = postSolution
		{C80E4105-D9B9-4D46-ABF5-927E979550A3}.Debug|Any CPU.ActiveCfg = Debug|Any CPU
		{C80E4105-D9B9-4D46-ABF5-927E979550A3}.Debug|Any CPU.Build.0 = Debug|Any CPU
		{C80E4105-D9B9-4D46-ABF5-927E979550A3}.Release|Any CPU.ActiveCfg = Release|Any CPU
		{C80E4105-D9B9-4D46-ABF5-927E979550A3}.Release|Any CPU.Build.0 = Release|Any CPU
		{487E4AD8-E70C-4C4C-A374-C21FCF9F5C93}.Debug|Any CPU.ActiveCfg = Debug|Any CPU
		{487E4AD8-E70C-4C4C-A374-C21FCF9F5C93}.Debug|Any CPU.Build.0 = Debug|Any CPU
		{487E4AD8-E70C-4C4C-A374-C21FCF9F5C93}.Debug|Any CPU.Deploy.0 = Debug|Any CPU
		{487E4AD8-E70C-4C4C-A374-C21FCF9F5C93}.Release|Any CPU.ActiveCfg = Release|Any CPU
		{487E4AD8-E70C-4C4C-A374-C21FCF9F5C93}.Release|Any CPU.Build.0 = Release|Any CPU
		{487E4AD8-E70C-4C4C-A374-C21FCF9F5C93}.Release|Any CPU.Deploy.0 = Release|Any CPU
		{0559CF53-14E9-42F2-984C-461AE6CFD4D9}.Debug|Any CPU.ActiveCfg = Debug|Any CPU
		{0559CF53-14E9-42F2-984C-461AE6CFD4D9}.Debug|Any CPU.Build.0 = Debug|Any CPU
		{0559CF53-14E9-42F2-984C-461AE6CFD4D9}.Release|Any CPU.ActiveCfg = Release|Any CPU
		{0559CF53-14E9-42F2-984C-461AE6CFD4D9}.Release|Any CPU.Build.0 = Release|Any CPU
	EndGlobalSection
	GlobalSection(SolutionProperties) = preSolution
		HideSolutionNode = FALSE
	EndGlobalSection
	GlobalSection(ExtensibilityGlobals) = postSolution
		SolutionGuid = {FD4C01C0-D0A1-4318-B680-19FF34BC4329}
	EndGlobalSection
EndGlobal
